
Microsoft Visual Studio Solution File, Format Version 12.00
# Visual Studio Version 16
VisualStudioVersion = 16.0.30523.141
MinimumVisualStudioVersion = 10.0.40219.1
Project("{FAE04EC0-301F-11D3-BF4B-00C04F79EFBC}") = "Class03.Homework", "Class03.Homework.csproj", "{4CD0E0E2-7132-4ACA-B924-4887E6A05140}"
EndProject
Global
	GlobalSection(SolutionConfigurationPlatforms) = preSolution
		Debug|Any CPU = Debug|Any CPU
		Release|Any CPU = Release|Any CPU
	EndGlobalSection
	GlobalSection(ProjectConfigurationPlatforms) = postSolution
		{4CD0E0E2-7132-4ACA-B924-4887E6A05140}.Debug|Any CPU.ActiveCfg = Debug|Any CPU
		{4CD0E0E2-7132-4ACA-B924-4887E6A05140}.Debug|Any CPU.Build.0 = Debug|Any CPU
		{4CD0E0E2-7132-4ACA-B924-4887E6A05140}.Release|Any CPU.ActiveCfg = Release|Any CPU
		{4CD0E0E2-7132-4ACA-B924-4887E6A05140}.Release|Any CPU.Build.0 = Release|Any CPU
	EndGlobalSection
	GlobalSection(SolutionProperties) = preSolution
		HideSolutionNode = FALSE
	EndGlobalSection
	GlobalSection(ExtensibilityGlobals) = postSolution
		SolutionGuid = {DACD381D-48AA-4EC3-950A-59BCA731702F}
	EndGlobalSection
EndGlobal
